
Microsoft Visual Studio Solution File, Format Version 12.00
# Visual Studio Version 17
VisualStudioVersion = 17.0.31919.166
MinimumVisualStudioVersion = 10.0.40219.1
Project("{8BC9CEB8-8B4A-11D0-8D11-00A0C91BC942}") = "JFL", "JFL\JFL.vcxproj", "{74AE9EF7-A8E8-4D0D-9100-2A3A44DADC2F}"
EndProject
Project("{8BC9CEB8-8B4A-11D0-8D11-00A0C91BC942}") = "UnitTest", "UnitTest\UnitTest.vcxproj", "{3A9A7958-6572-459A-82AF-DF56F823A843}"
EndProject
Project("{2150E333-8FDC-42A3-9474-1A3956D46DE8}") = "ThirdParty", "ThirdParty", "{10CA2268-FA8E-4C55-8EEB-83B96649C930}"
EndProject
Project("{8BC9CEB8-8B4A-11D0-8D11-00A0C91BC942}") = "googletest", "ThirdParty\googletest\googletest.vcxproj", "{9954363C-2F63-44DE-A2CF-D65F6B008084}"
EndProject
Project("{8BC9CEB8-8B4A-11D0-8D11-00A0C91BC942}") = "fmt", "ThirdParty\fmt\fmt.vcxproj", "{984B724D-141C-4956-8E4E-0675E5CE6FB2}"
EndProject
Project("{8BC9CEB8-8B4A-11D0-8D11-00A0C91BC942}") = "tinyobjloader", "ThirdParty\tinyobjloader\tinyobjloader.vcxproj", "{D62F3090-08E7-478A-BE66-677C99EFDE1D}"
EndProject
Project("{8BC9CEB8-8B4A-11D0-8D11-00A0C91BC942}") = "GameEngine", "GameEngine\GameEngine.vcxproj", "{B63F603A-0881-42EA-B007-DA47DDE6A01E}"
EndProject
Global
	GlobalSection(SolutionConfigurationPlatforms) = preSolution
		Debug_DLL|x64 = Debug_DLL|x64
		Debug_DLL|x86 = Debug_DLL|x86
		Debug|x64 = Debug|x64
		Debug|x86 = Debug|x86
		Release_DLL|x64 = Release_DLL|x64
		Release_DLL|x86 = Release_DLL|x86
		Release|x64 = Release|x64
		Release|x86 = Release|x86
	EndGlobalSection
	GlobalSection(ProjectConfigurationPlatforms) = postSolution
		{74AE9EF7-A8E8-4D0D-9100-2A3A44DADC2F}.Debug_DLL|x64.ActiveCfg = Debug_DLL|x64
		{74AE9EF7-A8E8-4D0D-9100-2A3A44DADC2F}.Debug_DLL|x64.Build.0 = Debug_DLL|x64
		{74AE9EF7-A8E8-4D0D-9100-2A3A44DADC2F}.Debug_DLL|x86.ActiveCfg = Debug_DLL|Win32
		{74AE9EF7-A8E8-4D0D-9100-2A3A44DADC2F}.Debug_DLL|x86.Build.0 = Debug_DLL|Win32
		{74AE9EF7-A8E8-4D0D-9100-2A3A44DADC2F}.Debug|x64.ActiveCfg = Debug|x64
		{74AE9EF7-A8E8-4D0D-9100-2A3A44DADC2F}.Debug|x64.Build.0 = Debug|x64
		{74AE9EF7-A8E8-4D0D-9100-2A3A44DADC2F}.Debug|x86.ActiveCfg = Debug|Win32
		{74AE9EF7-A8E8-4D0D-9100-2A3A44DADC2F}.Debug|x86.Build.0 = Debug|Win32
		{74AE9EF7-A8E8-4D0D-9100-2A3A44DADC2F}.Release_DLL|x64.ActiveCfg = Release_DLL|x64
		{74AE9EF7-A8E8-4D0D-9100-2A3A44DADC2F}.Release_DLL|x64.Build.0 = Release_DLL|x64
		{74AE9EF7-A8E8-4D0D-9100-2A3A44DADC2F}.Release_DLL|x86.ActiveCfg = Release_DLL|Win32
		{74AE9EF7-A8E8-4D0D-9100-2A3A44DADC2F}.Release_DLL|x86.Build.0 = Release_DLL|Win32
		{74AE9EF7-A8E8-4D0D-9100-2A3A44DADC2F}.Release|x64.ActiveCfg = Release|x64
		{74AE9EF7-A8E8-4D0D-9100-2A3A44DADC2F}.Release|x64.Build.0 = Release|x64
		{74AE9EF7-A8E8-4D0D-9100-2A3A44DADC2F}.Release|x86.ActiveCfg = Release|Win32
		{74AE9EF7-A8E8-4D0D-9100-2A3A44DADC2F}.Release|x86.Build.0 = Release|Win32
		{3A9A7958-6572-459A-82AF-DF56F823A843}.Debug_DLL|x64.ActiveCfg = Debug_DLL|x64
		{3A9A7958-6572-459A-82AF-DF56F823A843}.Debug_DLL|x64.Build.0 = Debug_DLL|x64
		{3A9A7958-6572-459A-82AF-DF56F823A843}.Debug_DLL|x86.ActiveCfg = Debug_DLL|Win32
		{3A9A7958-6572-459A-82AF-DF56F823A843}.Debug_DLL|x86.Build.0 = Debug_DLL|Win32
		{3A9A7958-6572-459A-82AF-DF56F823A843}.Debug|x64.ActiveCfg = Debug|x64
		{3A9A7958-6572-459A-82AF-DF56F823A843}.Debug|x64.Build.0 = Debug|x64
		{3A9A7958-6572-459A-82AF-DF56F823A843}.Debug|x86.ActiveCfg = Debug|Win32
		{3A9A7958-6572-459A-82AF-DF56F823A843}.Debug|x86.Build.0 = Debug|Win32
		{3A9A7958-6572-459A-82AF-DF56F823A843}.Release_DLL|x64.ActiveCfg = Release_DLL|x64
		{3A9A7958-6572-459A-82AF-DF56F823A843}.Release_DLL|x64.Build.0 = Release_DLL|x64
		{3A9A7958-6572-459A-82AF-DF56F823A843}.Release_DLL|x86.ActiveCfg = Release_DLL|Win32
		{3A9A7958-6572-459A-82AF-DF56F823A843}.Release_DLL|x86.Build.0 = Release_DLL|Win32
		{3A9A7958-6572-459A-82AF-DF56F823A843}.Release|x64.ActiveCfg = Release|x64
		{3A9A7958-6572-459A-82AF-DF56F823A843}.Release|x64.Build.0 = Release|x64
		{3A9A7958-6572-459A-82AF-DF56F823A843}.Release|x86.ActiveCfg = Release|Win32
		{3A9A7958-6572-459A-82AF-DF56F823A843}.Release|x86.Build.0 = Release|Win32
		{9954363C-2F63-44DE-A2CF-D65F6B008084}.Debug_DLL|x64.ActiveCfg = Debug|x64
		{9954363C-2F63-44DE-A2CF-D65F6B008084}.Debug_DLL|x64.Build.0 = Debug|x64
		{9954363C-2F63-44DE-A2CF-D65F6B008084}.Debug_DLL|x86.ActiveCfg = Debug|x64
		{9954363C-2F63-44DE-A2CF-D65F6B008084}.Debug|x64.ActiveCfg = Debug|x64
		{9954363C-2F63-44DE-A2CF-D65F6B008084}.Debug|x64.Build.0 = Debug|x64
		{9954363C-2F63-44DE-A2CF-D65F6B008084}.Debug|x86.ActiveCfg = Debug|Win32
		{9954363C-2F63-44DE-A2CF-D65F6B008084}.Debug|x86.Build.0 = Debug|Win32
		{9954363C-2F63-44DE-A2CF-D65F6B008084}.Release_DLL|x64.ActiveCfg = Release|x64
		{9954363C-2F63-44DE-A2CF-D65F6B008084}.Release_DLL|x64.Build.0 = Release|x64
		{9954363C-2F63-44DE-A2CF-D65F6B008084}.Release_DLL|x86.ActiveCfg = Debug|Win32
		{9954363C-2F63-44DE-A2CF-D65F6B008084}.Release_DLL|x86.Build.0 = Debug|Win32
		{9954363C-2F63-44DE-A2CF-D65F6B008084}.Release|x64.ActiveCfg = Release|x64
		{9954363C-2F63-44DE-A2CF-D65F6B008084}.Release|x64.Build.0 = Release|x64
		{9954363C-2F63-44DE-A2CF-D65F6B008084}.Release|x86.ActiveCfg = Release|Win32
		{9954363C-2F63-44DE-A2CF-D65F6B008084}.Release|x86.Build.0 = Release|Win32
		{984B724D-141C-4956-8E4E-0675E5CE6FB2}.Debug_DLL|x64.ActiveCfg = Debug|x64
		{984B724D-141C-4956-8E4E-0675E5CE6FB2}.Debug_DLL|x64.Build.0 = Debug|x64
		{984B724D-141C-4956-8E4E-0675E5CE6FB2}.Debug_DLL|x86.ActiveCfg = Debug|Win32
		{984B724D-141C-4956-8E4E-0675E5CE6FB2}.Debug_DLL|x86.Build.0 = Debug|Win32
		{984B724D-141C-4956-8E4E-0675E5CE6FB2}.Debug|x64.ActiveCfg = Debug|x64
		{984B724D-141C-4956-8E4E-0675E5CE6FB2}.Debug|x64.Build.0 = Debug|x64
		{984B724D-141C-4956-8E4E-0675E5CE6FB2}.Debug|x86.ActiveCfg = Debug|Win32
		{984B724D-141C-4956-8E4E-0675E5CE6FB2}.Debug|x86.Build.0 = Debug|Win32
		{984B724D-141C-4956-8E4E-0675E5CE6FB2}.Release_DLL|x64.ActiveCfg = Release|x64
		{984B724D-141C-4956-8E4E-0675E5CE6FB2}.Release_DLL|x64.Build.0 = Release|x64
		{984B724D-141C-4956-8E4E-0675E5CE6FB2}.Release_DLL|x86.ActiveCfg = Release|Win32
		{984B724D-141C-4956-8E4E-0675E5CE6FB2}.Release_DLL|x86.Build.0 = Release|Win32
		{984B724D-141C-4956-8E4E-0675E5CE6FB2}.Release|x64.ActiveCfg = Release|x64
		{984B724D-141C-4956-8E4E-0675E5CE6FB2}.Release|x64.Build.0 = Release|x64
		{984B724D-141C-4956-8E4E-0675E5CE6FB2}.Release|x86.ActiveCfg = Release|Win32
		{984B724D-141C-4956-8E4E-0675E5CE6FB2}.Release|x86.Build.0 = Release|Win32
		{D62F3090-08E7-478A-BE66-677C99EFDE1D}.Debug_DLL|x64.ActiveCfg = Debug|x64
		{D62F3090-08E7-478A-BE66-677C99EFDE1D}.Debug_DLL|x64.Build.0 = Debug|x64
		{D62F3090-08E7-478A-BE66-677C99EFDE1D}.Debug_DLL|x86.ActiveCfg = Debug|Win32
		{D62F3090-08E7-478A-BE66-677C99EFDE1D}.Debug_DLL|x86.Build.0 = Debug|Win32
		{D62F3090-08E7-478A-BE66-677C99EFDE1D}.Debug|x64.ActiveCfg = Debug|x64
		{D62F3090-08E7-478A-BE66-677C99EFDE1D}.Debug|x64.Build.0 = Debug|x64
		{D62F3090-08E7-478A-BE66-677C99EFDE1D}.Debug|x86.ActiveCfg = Debug|Win32
		{D62F3090-08E7-478A-BE66-677C99EFDE1D}.Debug|x86.Build.0 = Debug|Win32
		{D62F3090-08E7-478A-BE66-677C99EFDE1D}.Release_DLL|x64.ActiveCfg = Release|x64
		{D62F3090-08E7-478A-BE66-677C99EFDE1D}.Release_DLL|x64.Build.0 = Release|x64
		{D62F3090-08E7-478A-BE66-677C99EFDE1D}.Release_DLL|x86.ActiveCfg = Release|Win32
		{D62F3090-08E7-478A-BE66-677C99EFDE1D}.Release_DLL|x86.Build.0 = Release|Win32
		{D62F3090-08E7-478A-BE66-677C99EFDE1D}.Release|x64.ActiveCfg = Release|x64
		{D62F3090-08E7-478A-BE66-677C99EFDE1D}.Release|x64.Build.0 = Release|x64
		{D62F3090-08E7-478A-BE66-677C99EFDE1D}.Release|x86.ActiveCfg = Release|Win32
		{D62F3090-08E7-478A-BE66-677C99EFDE1D}.Release|x86.Build.0 = Release|Win32
		{B63F603A-0881-42EA-B007-DA47DDE6A01E}.Debug_DLL|x64.ActiveCfg = Debug_DLL|x64
		{B63F603A-0881-42EA-B007-DA47DDE6A01E}.Debug_DLL|x64.Build.0 = Debug_DLL|x64
		{B63F603A-0881-42EA-B007-DA47DDE6A01E}.Debug_DLL|x86.ActiveCfg = Debug_DLL|Win32
		{B63F603A-0881-42EA-B007-DA47DDE6A01E}.Debug_DLL|x86.Build.0 = Debug_DLL|Win32
		{B63F603A-0881-42EA-B007-DA47DDE6A01E}.Debug|x64.ActiveCfg = Debug|x64
		{B63F603A-0881-42EA-B007-DA47DDE6A01E}.Debug|x64.Build.0 = Debug|x64
		{B63F603A-0881-42EA-B007-DA47DDE6A01E}.Debug|x86.ActiveCfg = Debug|Win32
		{B63F603A-0881-42EA-B007-DA47DDE6A01E}.Debug|x86.Build.0 = Debug|Win32
		{B63F603A-0881-42EA-B007-DA47DDE6A01E}.Release_DLL|x64.ActiveCfg = Release_DLL|x64
		{B63F603A-0881-42EA-B007-DA47DDE6A01E}.Release_DLL|x64.Build.0 = Release_DLL|x64
		{B63F603A-0881-42EA-B007-DA47DDE6A01E}.Release_DLL|x86.ActiveCfg = Release_DLL|Win32
		{B63F603A-0881-42EA-B007-DA47DDE6A01E}.Release_DLL|x86.Build.0 = Release_DLL|Win32
		{B63F603A-0881-42EA-B007-DA47DDE6A01E}.Release|x64.ActiveCfg = Release|x64
		{B63F603A-0881-42EA-B007-DA47DDE6A01E}.Release|x64.Build.0 = Release|x64
		{B63F603A-0881-42EA-B007-DA47DDE6A01E}.Release|x86.ActiveCfg = Release|Win32
		{B63F603A-0881-42EA-B007-DA47DDE6A01E}.Release|x86.Build.0 = Release|Win32
	EndGlobalSection
	GlobalSection(SolutionProperties) = preSolution
		HideSolutionNode = FALSE
	EndGlobalSection
	GlobalSection(NestedProjects) = preSolution
		{9954363C-2F63-44DE-A2CF-D65F6B008084} = {10CA2268-FA8E-4C55-8EEB-83B96649C930}
		{984B724D-141C-4956-8E4E-0675E5CE6FB2} = {10CA2268-FA8E-4C55-8EEB-83B96649C930}
		{D62F3090-08E7-478A-BE66-677C99EFDE1D} = {10CA2268-FA8E-4C55-8EEB-83B96649C930}
	EndGlobalSection
	GlobalSection(ExtensibilityGlobals) = postSolution
		SolutionGuid = {87CA59C2-089A-4CA5-98D8-56A1675A9C75}
	EndGlobalSection
EndGlobal
