<?xml version="1.0" encoding="utf-8"?>
<Project ToolsVersion="4.0" xmlns="http://schemas.microsoft.com/developer/msbuild/2003">
  <ItemGroup>
    <ClInclude Include="JFInclude.h" />
    <ClInclude Include="JFL.h" />
    <ClInclude Include="Graphics\JFShader.h">
      <Filter>Graphics</Filter>
    </ClInclude>
    <ClInclude Include="Graphics\JFColor32.h">
      <Filter>Graphics</Filter>
    </ClInclude>
    <ClInclude Include="Graphics\JFLinearColor.h">
      <Filter>Graphics</Filter>
    </ClInclude>
    <ClInclude Include="Graphics\JFRenderCommandEncoder.h">
      <Filter>Graphics</Filter>
    </ClInclude>
    <ClInclude Include="Graphics\JFViewport.h">
      <Filter>Graphics</Filter>
    </ClInclude>
    <ClInclude Include="Graphics\JFCommandBuffer.h">
      <Filter>Graphics</Filter>
    </ClInclude>
    <ClInclude Include="Graphics\JFCommandQueue.h">
      <Filter>Graphics</Filter>
    </ClInclude>
    <ClInclude Include="Graphics\JFGPUBuffer.h">
      <Filter>Graphics</Filter>
    </ClInclude>
    <ClInclude Include="Graphics\JFGraphics.h">
      <Filter>Graphics</Filter>
    </ClInclude>
    <ClInclude Include="Graphics\JFGraphicsDevice.h">
      <Filter>Graphics</Filter>
    </ClInclude>
    <ClInclude Include="Graphics\JFPixelFormat.h">
      <Filter>Graphics</Filter>
    </ClInclude>
    <ClInclude Include="Graphics\JFTexture.h">
      <Filter>Graphics</Filter>
    </ClInclude>
    <ClInclude Include="Graphics\JFSwapChain.h">
      <Filter>Graphics</Filter>
    </ClInclude>
    <ClInclude Include="Graphics\Private\GraphicsAPI.h">
      <Filter>Graphics\Private</Filter>
    </ClInclude>
    <ClInclude Include="Graphics\Private\Vulkan\Shader.h">
      <Filter>Graphics\Private\Vulkan</Filter>
    </ClInclude>
    <ClInclude Include="Graphics\Private\Vulkan\CommandQueue.h">
      <Filter>Graphics\Private\Vulkan</Filter>
    </ClInclude>
    <ClInclude Include="Graphics\Private\Vulkan\GraphicsDevice.h">
      <Filter>Graphics\Private\Vulkan</Filter>
    </ClInclude>
    <ClInclude Include="Graphics\Private\Vulkan\QueueFamily.h">
      <Filter>Graphics\Private\Vulkan</Filter>
    </ClInclude>
    <ClInclude Include="Graphics\Private\Vulkan\SwapChain.h">
      <Filter>Graphics\Private\Vulkan</Filter>
    </ClInclude>
    <ClInclude Include="Graphics\Private\Vulkan\vulkan_headers.h">
      <Filter>Graphics\Private\Vulkan</Filter>
    </ClInclude>
    <ClInclude Include="Graphics\Private\Vulkan\Texture.h">
      <Filter>Graphics\Private\Vulkan</Filter>
    </ClInclude>
    <ClInclude Include="Graphics\Private\Direct3D12\RenderCommandEncoder.h">
      <Filter>Graphics\Private\Direct3D12</Filter>
    </ClInclude>
    <ClInclude Include="Graphics\Private\Direct3D12\CommandBuffer.h">
      <Filter>Graphics\Private\Direct3D12</Filter>
    </ClInclude>
    <ClInclude Include="Graphics\Private\Direct3D12\CommandQueue.h">
      <Filter>Graphics\Private\Direct3D12</Filter>
    </ClInclude>
    <ClInclude Include="Graphics\Private\Direct3D12\d3d12_headers.h">
      <Filter>Graphics\Private\Direct3D12</Filter>
    </ClInclude>
    <ClInclude Include="Graphics\Private\Direct3D12\d3dx12.h">
      <Filter>Graphics\Private\Direct3D12</Filter>
    </ClInclude>
    <ClInclude Include="Graphics\Private\Direct3D12\GPUBuffer.h">
      <Filter>Graphics\Private\Direct3D12</Filter>
    </ClInclude>
    <ClInclude Include="Graphics\Private\Direct3D12\SwapChain.h">
      <Filter>Graphics\Private\Direct3D12</Filter>
    </ClInclude>
    <ClInclude Include="Graphics\Private\Direct3D12\Texture.h">
      <Filter>Graphics\Private\Direct3D12</Filter>
    </ClInclude>
    <ClInclude Include="Graphics\Private\Direct3D12\Types.h">
      <Filter>Graphics\Private\Direct3D12</Filter>
    </ClInclude>
    <ClInclude Include="Graphics\Private\Direct3D12\GraphicsDevice.h">
      <Filter>Graphics\Private\Direct3D12</Filter>
    </ClInclude>
    <ClInclude Include="FileSystem\JFDirectory.h">
      <Filter>FileSystem</Filter>
    </ClInclude>
    <ClInclude Include="FileSystem\JFFile.h">
      <Filter>FileSystem</Filter>
    </ClInclude>
    <ClInclude Include="FileSystem\JFFileSystem.h">
      <Filter>FileSystem</Filter>
    </ClInclude>
    <ClInclude Include="Memory\JFMemory.h">
      <Filter>Memory</Filter>
    </ClInclude>
    <ClInclude Include="Container\JFArray.h">
      <Filter>Container</Filter>
    </ClInclude>
    <ClInclude Include="Container\JFContainer.h">
      <Filter>Container</Filter>
    </ClInclude>
    <ClInclude Include="Type\JFFunction.h">
      <Filter>Type</Filter>
    </ClInclude>
    <ClInclude Include="Type\JFPrimitiveVariant.h">
      <Filter>Type</Filter>
    </ClInclude>
    <ClInclude Include="Type\JFTuple.h">
      <Filter>Type</Filter>
    </ClInclude>
    <ClInclude Include="Type\JFType.h">
      <Filter>Type</Filter>
    </ClInclude>
    <ClInclude Include="Type\JFTypes.h">
      <Filter>Type</Filter>
    </ClInclude>
    <ClInclude Include="Type\JFTypeTraits.h">
      <Filter>Type</Filter>
    </ClInclude>
    <ClInclude Include="Type\JFTypeTuple.h">
      <Filter>Type</Filter>
    </ClInclude>
    <ClInclude Include="String\JFString.h">
      <Filter>String</Filter>
    </ClInclude>
    <ClInclude Include="String\JFStringA.h">
      <Filter>String</Filter>
    </ClInclude>
    <ClInclude Include="String\JFStringFormat.h">
      <Filter>String</Filter>
    </ClInclude>
    <ClInclude Include="String\JFStringW.h">
      <Filter>String</Filter>
    </ClInclude>
    <ClInclude Include="Log\JFLog.h">
      <Filter>Log</Filter>
    </ClInclude>
    <ClInclude Include="Math\JFAffineTransform2.h">
      <Filter>Math</Filter>
    </ClInclude>
    <ClInclude Include="Math\JFAffineTransform3.h">
      <Filter>Math</Filter>
    </ClInclude>
    <ClInclude Include="Math\JFLinearTransform2.h">
      <Filter>Math</Filter>
    </ClInclude>
    <ClInclude Include="Math\JFLinearTransform3.h">
      <Filter>Math</Filter>
    </ClInclude>
    <ClInclude Include="Math\JFMath.h">
      <Filter>Math</Filter>
    </ClInclude>
    <ClInclude Include="Math\JFMatrix2.h">
      <Filter>Math</Filter>
    </ClInclude>
    <ClInclude Include="Math\JFMatrix3.h">
      <Filter>Math</Filter>
    </ClInclude>
    <ClInclude Include="Math\JFMatrix4.h">
      <Filter>Math</Filter>
    </ClInclude>
    <ClInclude Include="Math\JFPoint.h">
      <Filter>Math</Filter>
    </ClInclude>
    <ClInclude Include="Math\JFRect.h">
      <Filter>Math</Filter>
    </ClInclude>
    <ClInclude Include="Math\JFSize.h">
      <Filter>Math</Filter>
    </ClInclude>
    <ClInclude Include="Math\JFVector2.h">
      <Filter>Math</Filter>
    </ClInclude>
    <ClInclude Include="Math\JFVector3.h">
      <Filter>Math</Filter>
    </ClInclude>
    <ClInclude Include="Math\JFVector4.h">
      <Filter>Math</Filter>
    </ClInclude>
    <ClInclude Include="Lock\JFCondition.h">
      <Filter>Lock</Filter>
    </ClInclude>
    <ClInclude Include="Lock\JFDummyLock.h">
      <Filter>Lock</Filter>
    </ClInclude>
    <ClInclude Include="Lock\JFLock.h">
      <Filter>Lock</Filter>
    </ClInclude>
    <ClInclude Include="Lock\JFMutex.h">
      <Filter>Lock</Filter>
    </ClInclude>
    <ClInclude Include="Lock\JFRecursiveMutex.h">
      <Filter>Lock</Filter>
    </ClInclude>
    <ClInclude Include="Lock\JFScopedLock.h">
      <Filter>Lock</Filter>
    </ClInclude>
    <ClInclude Include="Lock\JFSharedMutex.h">
      <Filter>Lock</Filter>
    </ClInclude>
    <ClInclude Include="Lock\JFSpinLock.h">
      <Filter>Lock</Filter>
    </ClInclude>
    <ClInclude Include="Window\JFWindow.h">
      <Filter>Window</Filter>
    </ClInclude>
    <ClInclude Include="Window\Private\WindowPlatform.h">
      <Filter>Window\Private</Filter>
    </ClInclude>
    <ClInclude Include="Window\Private\Win32\Window.h">
      <Filter>Window\Private\Win32</Filter>
    </ClInclude>
    <ClInclude Include="Object\JFObject.h">
      <Filter>Object</Filter>
    </ClInclude>
    <ClInclude Include="Object\JFRefCounter.h">
      <Filter>Object</Filter>
    </ClInclude>
    <ClInclude Include="Application\JFApplication.h">
      <Filter>Application</Filter>
    </ClInclude>
    <ClInclude Include="Application\JFApplicationContextInterface.h">
      <Filter>Application</Filter>
    </ClInclude>
    <ClInclude Include="Application\Private\ApplicationPlatform.h">
      <Filter>Application\Private</Filter>
    </ClInclude>
    <ClInclude Include="Application\Private\Win32\ApplicationContext.h">
      <Filter>Application\Private\Win32</Filter>
    </ClInclude>
  </ItemGroup>
  <ItemGroup>
    <None Include="Math\JFAffineTransform2.inl">
      <Filter>Math</Filter>
    </None>
    <None Include="Math\JFAffineTransform3.inl">
      <Filter>Math</Filter>
    </None>
    <None Include="Math\JFLinearTransform2.inl">
      <Filter>Math</Filter>
    </None>
    <None Include="Math\JFLinearTransform3.inl">
      <Filter>Math</Filter>
    </None>
    <None Include="Math\JFMatrix2.inl">
      <Filter>Math</Filter>
    </None>
    <None Include="Math\JFMatrix3.inl">
      <Filter>Math</Filter>
    </None>
    <None Include="Math\JFMatrix4.inl">
      <Filter>Math</Filter>
    </None>
    <None Include="Math\JFVector2.inl">
      <Filter>Math</Filter>
    </None>
    <None Include="Math\JFVector3.inl">
      <Filter>Math</Filter>
    </None>
    <None Include="Math\JFVector4.inl">
      <Filter>Math</Filter>
    </None>
  </ItemGroup>
  <ItemGroup>
    <ClCompile Include="Graphics\JFGraphicsDevice.cpp">
      <Filter>Graphics</Filter>
    </ClCompile>
    <ClCompile Include="Graphics\JFLinearColor.cpp">
      <Filter>Graphics</Filter>
    </ClCompile>
    <ClCompile Include="Graphics\Private\Vulkan\Shader.cpp">
      <Filter>Graphics\Private\Vulkan</Filter>
    </ClCompile>
    <ClCompile Include="Graphics\Private\Vulkan\CommandQueue.cpp">
      <Filter>Graphics\Private\Vulkan</Filter>
    </ClCompile>
    <ClCompile Include="Graphics\Private\Vulkan\GraphicsDevice.cpp">
      <Filter>Graphics\Private\Vulkan</Filter>
    </ClCompile>
    <ClCompile Include="Graphics\Private\Vulkan\QueueFamily.cpp">
      <Filter>Graphics\Private\Vulkan</Filter>
    </ClCompile>
    <ClCompile Include="Graphics\Private\Vulkan\SwapChain.cpp">
      <Filter>Graphics\Private\Vulkan</Filter>
    </ClCompile>
    <ClCompile Include="Graphics\Private\Vulkan\Texture.cpp">
      <Filter>Graphics\Private\Vulkan</Filter>
    </ClCompile>
    <ClCompile Include="Graphics\Private\Direct3D12\CommandBuffer.cpp">
      <Filter>Graphics\Private\Direct3D12</Filter>
    </ClCompile>
    <ClCompile Include="Graphics\Private\Direct3D12\CommandQueue.cpp">
      <Filter>Graphics\Private\Direct3D12</Filter>
    </ClCompile>
    <ClCompile Include="Graphics\Private\Direct3D12\GPUBuffer.cpp">
      <Filter>Graphics\Private\Direct3D12</Filter>
    </ClCompile>
    <ClCompile Include="Graphics\Private\Direct3D12\GraphicsDevice.cpp">
      <Filter>Graphics\Private\Direct3D12</Filter>
    </ClCompile>
    <ClCompile Include="Graphics\Private\Direct3D12\RenderCommandEncoder.cpp">
      <Filter>Graphics\Private\Direct3D12</Filter>
    </ClCompile>
    <ClCompile Include="Graphics\Private\Direct3D12\SwapChain.cpp">
      <Filter>Graphics\Private\Direct3D12</Filter>
    </ClCompile>
    <ClCompile Include="Graphics\Private\Direct3D12\Texture.cpp">
      <Filter>Graphics\Private\Direct3D12</Filter>
    </ClCompile>
    <ClCompile Include="FileSystem\JFDirectory.cpp">
      <Filter>FileSystem</Filter>
    </ClCompile>
    <ClCompile Include="FileSystem\JFFile.cpp">
      <Filter>FileSystem</Filter>
    </ClCompile>
    <ClCompile Include="Type\JFPrimitiveVariant.cpp">
      <Filter>Type</Filter>
    </ClCompile>
    <ClCompile Include="String\JFStringA.cpp">
      <Filter>String</Filter>
    </ClCompile>
    <ClCompile Include="String\JFStringFormat.cpp">
      <Filter>String</Filter>
    </ClCompile>
    <ClCompile Include="String\JFStringW.cpp">
      <Filter>String</Filter>
    </ClCompile>
    <ClCompile Include="Log\JFLog.cpp">
      <Filter>Log</Filter>
    </ClCompile>
    <ClCompile Include="Lock\JFCondition.cpp">
      <Filter>Lock</Filter>
    </ClCompile>
    <ClCompile Include="Lock\JFMutex.cpp">
      <Filter>Lock</Filter>
    </ClCompile>
    <ClCompile Include="Lock\JFRecursiveMutex.cpp">
      <Filter>Lock</Filter>
    </ClCompile>
    <ClCompile Include="Lock\JFSharedMutex.cpp">
      <Filter>Lock</Filter>
    </ClCompile>
    <ClCompile Include="Lock\JFSpinLock.cpp">
      <Filter>Lock</Filter>
    </ClCompile>
    <ClCompile Include="Window\JFWindow.cpp">
      <Filter>Window</Filter>
    </ClCompile>
    <ClCompile Include="Window\Private\Win32\Window.cpp">
      <Filter>Window\Private\Win32</Filter>
    </ClCompile>
    <ClCompile Include="Object\JFRefCounter.cpp">
      <Filter>Object</Filter>
    </ClCompile>
    <ClCompile Include="Application\JFApplication.cpp">
      <Filter>Application</Filter>
    </ClCompile>
    <ClCompile Include="Application\Private\Win32\ApplicationContext.cpp">
      <Filter>Application\Private\Win32</Filter>
    </ClCompile>
  </ItemGroup>
  <ItemGroup>
    <Filter Include="Graphics">
      <UniqueIdentifier>{8a6ef06f-0b78-409a-a6b9-f479d7762075}</UniqueIdentifier>
    </Filter>
    <Filter Include="Graphics\Private">
      <UniqueIdentifier>{e15df778-b22c-4c8f-b026-b94bbebd2166}</UniqueIdentifier>
    </Filter>
    <Filter Include="Graphics\Private\Vulkan">
      <UniqueIdentifier>{54d1dee5-e038-44b1-97f4-7b5e1b108bc4}</UniqueIdentifier>
    </Filter>
    <Filter Include="Graphics\Private\Direct3D12">
      <UniqueIdentifier>{195d53af-f649-4136-864a-b5bbb2c41ce3}</UniqueIdentifier>
    </Filter>
    <Filter Include="FileSystem">
      <UniqueIdentifier>{00ae267f-479f-4294-9615-ae10355bd080}</UniqueIdentifier>
    </Filter>
    <Filter Include="Memory">
      <UniqueIdentifier>{8278d9c3-3fe5-457d-b6ca-147f090da93b}</UniqueIdentifier>
    </Filter>
    <Filter Include="Container">
      <UniqueIdentifier>{af489912-6daa-4c50-ac31-ff8d3495fa46}</UniqueIdentifier>
    </Filter>
    <Filter Include="Type">
      <UniqueIdentifier>{ac3a8f54-8d00-48a9-93bf-3e54650600b4}</UniqueIdentifier>
    </Filter>
    <Filter Include="String">
      <UniqueIdentifier>{5a9265f6-8071-400e-9697-a256e791c01f}</UniqueIdentifier>
    </Filter>
    <Filter Include="Log">
      <UniqueIdentifier>{ec67508c-b94a-418d-8fa2-21f564bdf26a}</UniqueIdentifier>
    </Filter>
    <Filter Include="Math">
      <UniqueIdentifier>{0d5d7f13-71c2-4009-a230-94c6f46fc13a}</UniqueIdentifier>
    </Filter>
    <Filter Include="Lock">
      <UniqueIdentifier>{ee736a05-84e9-4cb8-9570-b3d5c4279f5f}</UniqueIdentifier>
    </Filter>
    <Filter Include="Window">
      <UniqueIdentifier>{03387e25-5087-4cfb-912a-51a3d9808061}</UniqueIdentifier>
    </Filter>
    <Filter Include="Window\Private">
      <UniqueIdentifier>{5860bbd9-dcbf-4062-9c08-9678f2c55aee}</UniqueIdentifier>
    </Filter>
    <Filter Include="Window\Private\Win32">
      <UniqueIdentifier>{b7c7075f-4a4c-4b4c-a682-3266fb7ef835}</UniqueIdentifier>
    </Filter>
    <Filter Include="Object">
      <UniqueIdentifier>{0d802ac8-ce30-4996-9870-205ee30ae264}</UniqueIdentifier>
    </Filter>
    <Filter Include="Application">
      <UniqueIdentifier>{1bd6aae9-8ea0-48b0-85c0-2aa5c1106834}</UniqueIdentifier>
    </Filter>
    <Filter Include="Application\Private">
      <UniqueIdentifier>{f54f259a-7e82-43a0-8c7b-21a47a9da97e}</UniqueIdentifier>
    </Filter>
    <Filter Include="Application\Private\Win32">
      <UniqueIdentifier>{b3268be2-0fc9-4c9c-a8d9-d1cdaf32488e}</UniqueIdentifier>
    </Filter>
  </ItemGroup>
</Project>