<?xml version="1.0" encoding="utf-8"?>
<Project ToolsVersion="4.0" xmlns="http://schemas.microsoft.com/developer/msbuild/2003">
  <ItemGroup>
    <ClInclude Include="JFInclude.h" />
    <ClInclude Include="JFL.h" />
    <ClInclude Include="Graphics\JFCopyCommandEncoder.h">
      <Filter>Graphics</Filter>
    </ClInclude>
    <ClInclude Include="Graphics\Private\Direct3D12\CopyCommandEncoder.h">
      <Filter>Graphics\Private\Direct3D12</Filter>
    </ClInclude>
    <ClInclude Include="Graphics\JFColor32.h">
      <Filter>Graphics</Filter>
    </ClInclude>
    <ClInclude Include="Graphics\JFLinearColor.h">
      <Filter>Graphics</Filter>
    </ClInclude>
    <ClInclude Include="Graphics\JFRenderCommandEncoder.h">
      <Filter>Graphics</Filter>
    </ClInclude>
    <ClInclude Include="Graphics\JFShader.h">
      <Filter>Graphics</Filter>
    </ClInclude>
    <ClInclude Include="Graphics\JFViewport.h">
      <Filter>Graphics</Filter>
    </ClInclude>
    <ClInclude Include="Graphics\JFCommandBuffer.h">
      <Filter>Graphics</Filter>
    </ClInclude>
    <ClInclude Include="Graphics\JFCommandQueue.h">
      <Filter>Graphics</Filter>
    </ClInclude>
    <ClInclude Include="Graphics\JFGPUBuffer.h">
      <Filter>Graphics</Filter>
    </ClInclude>
    <ClInclude Include="Graphics\JFGraphics.h">
      <Filter>Graphics</Filter>
    </ClInclude>
    <ClInclude Include="Graphics\JFGraphicsDevice.h">
      <Filter>Graphics</Filter>
    </ClInclude>
    <ClInclude Include="Graphics\JFPixelFormat.h">
      <Filter>Graphics</Filter>
    </ClInclude>
    <ClInclude Include="Graphics\JFTexture.h">
      <Filter>Graphics</Filter>
    </ClInclude>
    <ClInclude Include="Graphics\JFSwapChain.h">
      <Filter>Graphics</Filter>
    </ClInclude>
    <ClInclude Include="Graphics\Private\GraphicsAPI.h">
      <Filter>Graphics\Private</Filter>
    </ClInclude>
    <ClInclude Include="Graphics\Private\Vulkan\CommandQueue.h">
      <Filter>Graphics\Private\Vulkan</Filter>
    </ClInclude>
    <ClInclude Include="Graphics\Private\Vulkan\GraphicsDevice.h">
      <Filter>Graphics\Private\Vulkan</Filter>
    </ClInclude>
    <ClInclude Include="Graphics\Private\Vulkan\QueueFamily.h">
      <Filter>Graphics\Private\Vulkan</Filter>
    </ClInclude>
    <ClInclude Include="Graphics\Private\Vulkan\Shader.h">
      <Filter>Graphics\Private\Vulkan</Filter>
    </ClInclude>
    <ClInclude Include="Graphics\Private\Vulkan\SwapChain.h">
      <Filter>Graphics\Private\Vulkan</Filter>
    </ClInclude>
    <ClInclude Include="Graphics\Private\Vulkan\vulkan_headers.h">
      <Filter>Graphics\Private\Vulkan</Filter>
    </ClInclude>
    <ClInclude Include="Graphics\Private\Vulkan\Texture.h">
      <Filter>Graphics\Private\Vulkan</Filter>
    </ClInclude>
    <ClInclude Include="Graphics\Private\Direct3D12\RenderCommandEncoder.h">
      <Filter>Graphics\Private\Direct3D12</Filter>
    </ClInclude>
    <ClInclude Include="Graphics\Private\Direct3D12\CommandBuffer.h">
      <Filter>Graphics\Private\Direct3D12</Filter>
    </ClInclude>
    <ClInclude Include="Graphics\Private\Direct3D12\CommandQueue.h">
      <Filter>Graphics\Private\Direct3D12</Filter>
    </ClInclude>
    <ClInclude Include="Graphics\Private\Direct3D12\d3d12_headers.h">
      <Filter>Graphics\Private\Direct3D12</Filter>
    </ClInclude>
    <ClInclude Include="Graphics\Private\Direct3D12\d3dx12.h">
      <Filter>Graphics\Private\Direct3D12</Filter>
    </ClInclude>
    <ClInclude Include="Graphics\Private\Direct3D12\GPUBuffer.h">
      <Filter>Graphics\Private\Direct3D12</Filter>
    </ClInclude>
    <ClInclude Include="Graphics\Private\Direct3D12\SwapChain.h">
      <Filter>Graphics\Private\Direct3D12</Filter>
    </ClInclude>
    <ClInclude Include="Graphics\Private\Direct3D12\Texture.h">
      <Filter>Graphics\Private\Direct3D12</Filter>
    </ClInclude>
    <ClInclude Include="Graphics\Private\Direct3D12\Types.h">
      <Filter>Graphics\Private\Direct3D12</Filter>
    </ClInclude>
    <ClInclude Include="Graphics\Private\Direct3D12\GraphicsDevice.h">
      <Filter>Graphics\Private\Direct3D12</Filter>
    </ClInclude>
    <ClInclude Include="FileSystem\JFDirectory.h">
      <Filter>FileSystem</Filter>
    </ClInclude>
    <ClInclude Include="FileSystem\JFFile.h">
      <Filter>FileSystem</Filter>
    </ClInclude>
    <ClInclude Include="FileSystem\JFFileSystem.h">
      <Filter>FileSystem</Filter>
    </ClInclude>
    <ClInclude Include="Memory\JFMemory.h">
      <Filter>Memory</Filter>
    </ClInclude>
    <ClInclude Include="Container\JFArray.h">
      <Filter>Container</Filter>
    </ClInclude>
    <ClInclude Include="Container\JFContainer.h">
      <Filter>Container</Filter>
    </ClInclude>
    <ClInclude Include="Type\JFFunction.h">
      <Filter>Type</Filter>
    </ClInclude>
    <ClInclude Include="Type\JFPrimitiveVariant.h">
      <Filter>Type</Filter>
    </ClInclude>
    <ClInclude Include="Type\JFTuple.h">
      <Filter>Type</Filter>
    </ClInclude>
    <ClInclude Include="Type\JFType.h">
      <Filter>Type</Filter>
    </ClInclude>
    <ClInclude Include="Type\JFTypes.h">
      <Filter>Type</Filter>
    </ClInclude>
    <ClInclude Include="Type\JFTypeTraits.h">
      <Filter>Type</Filter>
    </ClInclude>
    <ClInclude Include="Type\JFTypeTuple.h">
      <Filter>Type</Filter>
    </ClInclude>
    <ClInclude Include="String\JFString.h">
      <Filter>String</Filter>
    </ClInclude>
    <ClInclude Include="String\JFStringA.h">
      <Filter>String</Filter>
    </ClInclude>
    <ClInclude Include="String\JFStringFormat.h">
      <Filter>String</Filter>
    </ClInclude>
    <ClInclude Include="String\JFStringW.h">
      <Filter>String</Filter>
    </ClInclude>
    <ClInclude Include="Log\JFLog.h">
      <Filter>Log</Filter>
    </ClInclude>
    <ClInclude Include="Math\JFAffineTransform2.h">
      <Filter>Math</Filter>
    </ClInclude>
    <ClInclude Include="Math\JFAffineTransform3.h">
      <Filter>Math</Filter>
    </ClInclude>
    <ClInclude Include="Math\JFLinearTransform2.h">
      <Filter>Math</Filter>
    </ClInclude>
    <ClInclude Include="Math\JFLinearTransform3.h">
      <Filter>Math</Filter>
    </ClInclude>
    <ClInclude Include="Math\JFMath.h">
      <Filter>Math</Filter>
    </ClInclude>
    <ClInclude Include="Math\JFMatrix2.h">
      <Filter>Math</Filter>
    </ClInclude>
    <ClInclude Include="Math\JFMatrix3.h">
      <Filter>Math</Filter>
    </ClInclude>
    <ClInclude Include="Math\JFMatrix4.h">
      <Filter>Math</Filter>
    </ClInclude>
    <ClInclude Include="Math\JFPoint.h">
      <Filter>Math</Filter>
    </ClInclude>
    <ClInclude Include="Math\JFRect.h">
      <Filter>Math</Filter>
    </ClInclude>
    <ClInclude Include="Math\JFSize.h">
      <Filter>Math</Filter>
    </ClInclude>
    <ClInclude Include="Math\JFVector2.h">
      <Filter>Math</Filter>
    </ClInclude>
    <ClInclude Include="Math\JFVector3.h">
      <Filter>Math</Filter>
    </ClInclude>
    <ClInclude Include="Math\JFVector4.h">
      <Filter>Math</Filter>
    </ClInclude>
    <ClInclude Include="Lock\JFCondition.h">
      <Filter>Lock</Filter>
    </ClInclude>
    <ClInclude Include="Lock\JFDummyLock.h">
      <Filter>Lock</Filter>
    </ClInclude>
    <ClInclude Include="Lock\JFLock.h">
      <Filter>Lock</Filter>
    </ClInclude>
    <ClInclude Include="Lock\JFMutex.h">
      <Filter>Lock</Filter>
    </ClInclude>
    <ClInclude Include="Lock\JFRecursiveMutex.h">
      <Filter>Lock</Filter>
    </ClInclude>
    <ClInclude Include="Lock\JFScopedLock.h">
      <Filter>Lock</Filter>
    </ClInclude>
    <ClInclude Include="Lock\JFSharedMutex.h">
      <Filter>Lock</Filter>
    </ClInclude>
    <ClInclude Include="Lock\JFSpinLock.h">
      <Filter>Lock</Filter>
    </ClInclude>
    <ClInclude Include="Window\JFWindow.h">
      <Filter>Window</Filter>
    </ClInclude>
    <ClInclude Include="Window\Private\WindowPlatform.h">
      <Filter>Window\Private</Filter>
    </ClInclude>
    <ClInclude Include="Window\Private\Win32\Window.h">
      <Filter>Window\Private\Win32</Filter>
    </ClInclude>
    <ClInclude Include="Object\JFObject.h">
      <Filter>Object</Filter>
    </ClInclude>
    <ClInclude Include="Object\JFRefCounter.h">
      <Filter>Object</Filter>
    </ClInclude>
    <ClInclude Include="Application\JFApplication.h">
      <Filter>Application</Filter>
    </ClInclude>
    <ClInclude Include="Application\JFApplicationContextInterface.h">
      <Filter>Application</Filter>
    </ClInclude>
    <ClInclude Include="Application\Private\ApplicationPlatform.h">
      <Filter>Application\Private</Filter>
    </ClInclude>
    <ClInclude Include="Application\Private\Win32\ApplicationContext.h">
      <Filter>Application\Private\Win32</Filter>
    </ClInclude>
    <ClInclude Include="Graphics\JFRenderPipeline.h" />
    <ClInclude Include="Graphics\JFVertexDescriptor.h" />
    <ClInclude Include="Graphics\JFBlendState.h" />
    <ClInclude Include="Graphics\Private\Direct3D12\RenderPipeline.h" />
    <ClInclude Include="Graphics\Private\Direct3D12\Shader.h" />
  </ItemGroup>
  <ItemGroup>
    <None Include="Math\JFAffineTransform2.inl">
      <Filter>Math</Filter>
    </None>
    <None Include="Math\JFAffineTransform3.inl">
      <Filter>Math</Filter>
    </None>
    <None Include="Math\JFLinearTransform2.inl">
      <Filter>Math</Filter>
    </None>
    <None Include="Math\JFLinearTransform3.inl">
      <Filter>Math</Filter>
    </None>
    <None Include="Math\JFMatrix2.inl">
      <Filter>Math</Filter>
    </None>
    <None Include="Math\JFMatrix3.inl">
      <Filter>Math</Filter>
    </None>
    <None Include="Math\JFMatrix4.inl">
      <Filter>Math</Filter>
    </None>
    <None Include="Math\JFVector2.inl">
      <Filter>Math</Filter>
    </None>
    <None Include="Math\JFVector3.inl">
      <Filter>Math</Filter>
    </None>
    <None Include="Math\JFVector4.inl">
      <Filter>Math</Filter>
    </None>
  </ItemGroup>
  <ItemGroup>
    <ClCompile Include="Graphics\Private\Direct3D12\CopyCommandEncoder.cpp">
      <Filter>Graphics\Private\Direct3D12</Filter>
    </ClCompile>
    <ClCompile Include="Graphics\JFGraphicsDevice.cpp">
      <Filter>Graphics</Filter>
    </ClCompile>
    <ClCompile Include="Graphics\JFLinearColor.cpp">
      <Filter>Graphics</Filter>
    </ClCompile>
    <ClCompile Include="Graphics\Private\Vulkan\CommandQueue.cpp">
      <Filter>Graphics\Private\Vulkan</Filter>
    </ClCompile>
    <ClCompile Include="Graphics\Private\Vulkan\GraphicsDevice.cpp">
      <Filter>Graphics\Private\Vulkan</Filter>
    </ClCompile>
    <ClCompile Include="Graphics\Private\Vulkan\QueueFamily.cpp">
      <Filter>Graphics\Private\Vulkan</Filter>
    </ClCompile>
    <ClCompile Include="Graphics\Private\Vulkan\Shader.cpp">
      <Filter>Graphics\Private\Vulkan</Filter>
    </ClCompile>
    <ClCompile Include="Graphics\Private\Vulkan\SwapChain.cpp">
      <Filter>Graphics\Private\Vulkan</Filter>
    </ClCompile>
    <ClCompile Include="Graphics\Private\Vulkan\Texture.cpp">
      <Filter>Graphics\Private\Vulkan</Filter>
    </ClCompile>
    <ClCompile Include="Graphics\Private\Direct3D12\CommandBuffer.cpp">
      <Filter>Graphics\Private\Direct3D12</Filter>
    </ClCompile>
    <ClCompile Include="Graphics\Private\Direct3D12\CommandQueue.cpp">
      <Filter>Graphics\Private\Direct3D12</Filter>
    </ClCompile>
    <ClCompile Include="Graphics\Private\Direct3D12\GPUBuffer.cpp">
      <Filter>Graphics\Private\Direct3D12</Filter>
    </ClCompile>
    <ClCompile Include="Graphics\Private\Direct3D12\GraphicsDevice.cpp">
      <Filter>Graphics\Private\Direct3D12</Filter>
    </ClCompile>
    <ClCompile Include="Graphics\Private\Direct3D12\RenderCommandEncoder.cpp">
      <Filter>Graphics\Private\Direct3D12</Filter>
    </ClCompile>
    <ClCompile Include="Graphics\Private\Direct3D12\SwapChain.cpp">
      <Filter>Graphics\Private\Direct3D12</Filter>
    </ClCompile>
    <ClCompile Include="Graphics\Private\Direct3D12\Texture.cpp">
      <Filter>Graphics\Private\Direct3D12</Filter>
    </ClCompile>
    <ClCompile Include="FileSystem\JFDirectory.cpp">
      <Filter>FileSystem</Filter>
    </ClCompile>
    <ClCompile Include="FileSystem\JFFile.cpp">
      <Filter>FileSystem</Filter>
    </ClCompile>
    <ClCompile Include="Type\JFPrimitiveVariant.cpp">
      <Filter>Type</Filter>
    </ClCompile>
    <ClCompile Include="String\JFStringA.cpp">
      <Filter>String</Filter>
    </ClCompile>
    <ClCompile Include="String\JFStringFormat.cpp">
      <Filter>String</Filter>
    </ClCompile>
    <ClCompile Include="String\JFStringW.cpp">
      <Filter>String</Filter>
    </ClCompile>
    <ClCompile Include="Log\JFLog.cpp">
      <Filter>Log</Filter>
    </ClCompile>
    <ClCompile Include="Lock\JFCondition.cpp">
      <Filter>Lock</Filter>
    </ClCompile>
    <ClCompile Include="Lock\JFMutex.cpp">
      <Filter>Lock</Filter>
    </ClCompile>
    <ClCompile Include="Lock\JFRecursiveMutex.cpp">
      <Filter>Lock</Filter>
    </ClCompile>
    <ClCompile Include="Lock\JFSharedMutex.cpp">
      <Filter>Lock</Filter>
    </ClCompile>
    <ClCompile Include="Lock\JFSpinLock.cpp">
      <Filter>Lock</Filter>
    </ClCompile>
    <ClCompile Include="Window\JFWindow.cpp">
      <Filter>Window</Filter>
    </ClCompile>
    <ClCompile Include="Window\Private\Win32\Window.cpp">
      <Filter>Window\Private\Win32</Filter>
    </ClCompile>
    <ClCompile Include="Object\JFRefCounter.cpp">
      <Filter>Object</Filter>
    </ClCompile>
    <ClCompile Include="Application\JFApplication.cpp">
      <Filter>Application</Filter>
    </ClCompile>
    <ClCompile Include="Application\Private\Win32\ApplicationContext.cpp">
      <Filter>Application\Private\Win32</Filter>
    </ClCompile>
    <ClCompile Include="Graphics\Private\Direct3D12\RenderPipeline.cpp" />
    <ClCompile Include="Graphics\Private\Direct3D12\Shader.cpp" />
  </ItemGroup>
  <ItemGroup>
    <Filter Include="Graphics">
      <UniqueIdentifier>{be18d105-3155-4552-b725-66dba0396db4}</UniqueIdentifier>
    </Filter>
    <Filter Include="Graphics\Private">
      <UniqueIdentifier>{5c7c87d4-91b1-4ab7-9f49-8f0a8a01e4a5}</UniqueIdentifier>
    </Filter>
    <Filter Include="Graphics\Private\Direct3D12">
      <UniqueIdentifier>{9d6be6de-c49d-4734-a5f7-6ee253acc1ab}</UniqueIdentifier>
    </Filter>
    <Filter Include="Graphics\Private\Vulkan">
      <UniqueIdentifier>{0ee18fed-a5eb-4cc6-ae66-65149f22dd9b}</UniqueIdentifier>
    </Filter>
    <Filter Include="FileSystem">
      <UniqueIdentifier>{9ebfb1e6-5cbd-4d55-b89d-43f1bf22b0b6}</UniqueIdentifier>
    </Filter>
    <Filter Include="Memory">
      <UniqueIdentifier>{ae8f732d-8d50-4bf9-a247-017e30f910f1}</UniqueIdentifier>
    </Filter>
    <Filter Include="Container">
      <UniqueIdentifier>{dca3c19a-06c9-4f2b-a6a8-c95e0035de1b}</UniqueIdentifier>
    </Filter>
    <Filter Include="Type">
      <UniqueIdentifier>{f7a7b1a0-0c10-48b9-8c5d-59c7226b6c2d}</UniqueIdentifier>
    </Filter>
    <Filter Include="String">
      <UniqueIdentifier>{ceb6878d-c5dd-4e11-aea3-8a9882e78a59}</UniqueIdentifier>
    </Filter>
    <Filter Include="Log">
      <UniqueIdentifier>{4936ef26-feb7-4bac-9aee-e38f42cc545f}</UniqueIdentifier>
    </Filter>
    <Filter Include="Math">
      <UniqueIdentifier>{c43fd58e-42ec-4fb5-a68c-59a295d5a77e}</UniqueIdentifier>
    </Filter>
    <Filter Include="Lock">
      <UniqueIdentifier>{a1bef150-5f92-42c4-8a5c-22d751e1d749}</UniqueIdentifier>
    </Filter>
    <Filter Include="Window">
      <UniqueIdentifier>{796d8283-9ad5-4de1-9804-33b494bee2a1}</UniqueIdentifier>
    </Filter>
    <Filter Include="Window\Private">
      <UniqueIdentifier>{cc451d80-aef0-4032-8774-804bc0032b11}</UniqueIdentifier>
    </Filter>
    <Filter Include="Window\Private\Win32">
      <UniqueIdentifier>{70d1eafa-d975-4a15-a16d-15634c184608}</UniqueIdentifier>
    </Filter>
    <Filter Include="Object">
      <UniqueIdentifier>{048e829f-51ca-4ddb-85ce-9f135d9c4c28}</UniqueIdentifier>
    </Filter>
    <Filter Include="Application">
      <UniqueIdentifier>{011d545d-65ac-476b-8f21-aeeca9cea5d0}</UniqueIdentifier>
    </Filter>
    <Filter Include="Application\Private">
      <UniqueIdentifier>{482b37b9-7fb3-45f7-84dd-c0d4723ca630}</UniqueIdentifier>
    </Filter>
    <Filter Include="Application\Private\Win32">
      <UniqueIdentifier>{0e4e3608-c6b1-4f43-a073-17cd1b594e7a}</UniqueIdentifier>
    </Filter>
  </ItemGroup>
</Project>