<?xml version="1.0" encoding="utf-8"?>
<Project ToolsVersion="4.0" xmlns="http://schemas.microsoft.com/developer/msbuild/2003">
  <ItemGroup>
    <ClCompile Include="main.cpp" />
    <ClCompile Include="Math\AffineTransform.cpp">
      <Filter>Math</Filter>
    </ClCompile>
    <ClCompile Include="Math\LinearTransform.cpp">
      <Filter>Math</Filter>
    </ClCompile>
    <ClCompile Include="Math\Matrix.cpp">
      <Filter>Math</Filter>
    </ClCompile>
    <ClCompile Include="Math\Vector.cpp">
      <Filter>Math</Filter>
    </ClCompile>
    <ClCompile Include="Application\Application.cpp">
      <Filter>Application</Filter>
    </ClCompile>
  </ItemGroup>
  <ItemGroup>
    <Filter Include="Application">
      <UniqueIdentifier>{5b1c995b-e4b5-4268-8644-949abfbc7618}</UniqueIdentifier>
    </Filter>
    <Filter Include="Math">
      <UniqueIdentifier>{b8dd2cb6-8131-4690-8edf-e995af2dfc3b}</UniqueIdentifier>
    </Filter>
  </ItemGroup>
  <ItemGroup>
    <ClInclude Include="Math\Include.h">
      <Filter>Math</Filter>
    </ClInclude>
  </ItemGroup>
</Project>