// !$*UTF8*$!
{
	archiveVersion = 1;
	classes = {
	};
	objectVersion = 55;
	objects = {

/* Begin PBXBuildFile section */
		16EDF0AD2824D52600B7CC1F /* Application.cpp in Sources */ = {isa = PBXBuildFile; fileRef = 16EDF0AC2824D52600B7CC1F /* Application.cpp */; };
		16EDF0B42824D52D00B7CC1F /* LinearTransform.cpp in Sources */ = {isa = PBXBuildFile; fileRef = 16EDF0AF2824D52D00B7CC1F /* LinearTransform.cpp */; };
		16EDF0B52824D52D00B7CC1F /* Vector.cpp in Sources */ = {isa = PBXBuildFile; fileRef = 16EDF0B12824D52D00B7CC1F /* Vector.cpp */; };
		16EDF0B62824D52D00B7CC1F /* AffineTransform.cpp in Sources */ = {isa = PBXBuildFile; fileRef = 16EDF0B22824D52D00B7CC1F /* AffineTransform.cpp */; };
		16EDF0B72824D52D00B7CC1F /* Matrix.cpp in Sources */ = {isa = PBXBuildFile; fileRef = 16EDF0B32824D52D00B7CC1F /* Matrix.cpp */; };
		16EDF0B92824D53600B7CC1F /* main.cpp in Sources */ = {isa = PBXBuildFile; fileRef = 16EDF0B82824D53600B7CC1F /* main.cpp */; };
		16EDF0BC2824D59000B7CC1F /* libJFL_macOS_static.a in Frameworks */ = {isa = PBXBuildFile; fileRef = 16EDF0BB2824D59000B7CC1F /* libJFL_macOS_static.a */; };
		16EDF14728251CFA00B7CC1F /* AppKit.framework in Frameworks */ = {isa = PBXBuildFile; fileRef = 16EDF14628251CFA00B7CC1F /* AppKit.framework */; };
		16EDF27A2825307700B7CC1F /* Application.cpp in Sources */ = {isa = PBXBuildFile; fileRef = 16EDF0AC2824D52600B7CC1F /* Application.cpp */; };
		16EDF27B2825307700B7CC1F /* AffineTransform.cpp in Sources */ = {isa = PBXBuildFile; fileRef = 16EDF0B22824D52D00B7CC1F /* AffineTransform.cpp */; };
		16EDF27C2825307700B7CC1F /* main.cpp in Sources */ = {isa = PBXBuildFile; fileRef = 16EDF0B82824D53600B7CC1F /* main.cpp */; };
		16EDF27D2825307700B7CC1F /* LinearTransform.cpp in Sources */ = {isa = PBXBuildFile; fileRef = 16EDF0AF2824D52D00B7CC1F /* LinearTransform.cpp */; };
		16EDF27E2825307700B7CC1F /* Vector.cpp in Sources */ = {isa = PBXBuildFile; fileRef = 16EDF0B12824D52D00B7CC1F /* Vector.cpp */; };
		16EDF27F2825307700B7CC1F /* Matrix.cpp in Sources */ = {isa = PBXBuildFile; fileRef = 16EDF0B32824D52D00B7CC1F /* Matrix.cpp */; };
		16EDF2892825308B00B7CC1F /* libgoogletest_macOS_static.a in Frameworks */ = {isa = PBXBuildFile; fileRef = 16EDF2742825301300B7CC1F /* libgoogletest_macOS_static.a */; };
		16EDF28B282530C100B7CC1F /* JFL_macOS_dynamic.framework in Frameworks */ = {isa = PBXBuildFile; fileRef = 16EDF2762825301800B7CC1F /* JFL_macOS_dynamic.framework */; };
		16EDF2B92825318600B7CC1F /* libgoogletest_macOS_static.a in Frameworks */ = {isa = PBXBuildFile; fileRef = 16EDF2742825301300B7CC1F /* libgoogletest_macOS_static.a */; };
/* End PBXBuildFile section */

/* Begin PBXCopyFilesBuildPhase section */
		16EDF0992824D40C00B7CC1F /* CopyFiles */ = {
			isa = PBXCopyFilesBuildPhase;
			buildActionMask = 2147483647;
			dstPath = /usr/share/man/man1/;
			dstSubfolderSpec = 0;
			files = (
			);
			runOnlyForDeploymentPostprocessing = 1;
		};
		16EDF2842825307700B7CC1F /* CopyFiles */ = {
			isa = PBXCopyFilesBuildPhase;
			buildActionMask = 2147483647;
			dstPath = /usr/share/man/man1/;
			dstSubfolderSpec = 0;
			files = (
			);
			runOnlyForDeploymentPostprocessing = 1;
		};
/* End PBXCopyFilesBuildPhase section */

/* Begin PBXFileReference section */
		16EDF09B2824D40C00B7CC1F /* UnitTest_macOS_static */ = {isa = PBXFileReference; explicitFileType = "compiled.mach-o.executable"; includeInIndex = 0; path = UnitTest_macOS_static; sourceTree = BUILT_PRODUCTS_DIR; };
		16EDF0AC2824D52600B7CC1F /* Application.cpp */ = {isa = PBXFileReference; fileEncoding = 4; lastKnownFileType = sourcecode.cpp.cpp; path = Application.cpp; sourceTree = "<group>"; };
		16EDF0AF2824D52D00B7CC1F /* LinearTransform.cpp */ = {isa = PBXFileReference; fileEncoding = 4; lastKnownFileType = sourcecode.cpp.cpp; path = LinearTransform.cpp; sourceTree = "<group>"; };
		16EDF0B02824D52D00B7CC1F /* Include.h */ = {isa = PBXFileReference; fileEncoding = 4; lastKnownFileType = sourcecode.c.h; path = Include.h; sourceTree = "<group>"; };
		16EDF0B12824D52D00B7CC1F /* Vector.cpp */ = {isa = PBXFileReference; fileEncoding = 4; lastKnownFileType = sourcecode.cpp.cpp; path = Vector.cpp; sourceTree = "<group>"; };
		16EDF0B22824D52D00B7CC1F /* AffineTransform.cpp */ = {isa = PBXFileReference; fileEncoding = 4; lastKnownFileType = sourcecode.cpp.cpp; path = AffineTransform.cpp; sourceTree = "<group>"; };
		16EDF0B32824D52D00B7CC1F /* Matrix.cpp */ = {isa = PBXFileReference; fileEncoding = 4; lastKnownFileType = sourcecode.cpp.cpp; path = Matrix.cpp; sourceTree = "<group>"; };
		16EDF0B82824D53600B7CC1F /* main.cpp */ = {isa = PBXFileReference; fileEncoding = 4; lastKnownFileType = sourcecode.cpp.cpp; path = main.cpp; sourceTree = "<group>"; };
		16EDF0BB2824D59000B7CC1F /* libJFL_macOS_static.a */ = {isa = PBXFileReference; explicitFileType = archive.ar; path = libJFL_macOS_static.a; sourceTree = BUILT_PRODUCTS_DIR; };
		16EDF14628251CFA00B7CC1F /* AppKit.framework */ = {isa = PBXFileReference; lastKnownFileType = wrapper.framework; name = AppKit.framework; path = System/Library/Frameworks/AppKit.framework; sourceTree = SDKROOT; };
		16EDF2742825301300B7CC1F /* libgoogletest_macOS_static.a */ = {isa = PBXFileReference; explicitFileType = archive.ar; path = libgoogletest_macOS_static.a; sourceTree = BUILT_PRODUCTS_DIR; };
		16EDF2762825301800B7CC1F /* JFL_macOS_dynamic.framework */ = {isa = PBXFileReference; explicitFileType = wrapper.framework; path = JFL_macOS_dynamic.framework; sourceTree = BUILT_PRODUCTS_DIR; };
		16EDF2882825307700B7CC1F /* UnitTest_macOS_dynamic */ = {isa = PBXFileReference; explicitFileType = "compiled.mach-o.executable"; includeInIndex = 0; path = UnitTest_macOS_dynamic; sourceTree = BUILT_PRODUCTS_DIR; };
/* End PBXFileReference section */

/* Begin PBXFrameworksBuildPhase section */
		16EDF0982824D40C00B7CC1F /* Frameworks */ = {
			isa = PBXFrameworksBuildPhase;
			buildActionMask = 2147483647;
			files = (
				16EDF2B92825318600B7CC1F /* libgoogletest_macOS_static.a in Frameworks */,
				16EDF14728251CFA00B7CC1F /* AppKit.framework in Frameworks */,
				16EDF0BC2824D59000B7CC1F /* libJFL_macOS_static.a in Frameworks */,
			);
			runOnlyForDeploymentPostprocessing = 0;
		};
		16EDF2802825307700B7CC1F /* Frameworks */ = {
			isa = PBXFrameworksBuildPhase;
			buildActionMask = 2147483647;
			files = (
				16EDF28B282530C100B7CC1F /* JFL_macOS_dynamic.framework in Frameworks */,
				16EDF2892825308B00B7CC1F /* libgoogletest_macOS_static.a in Frameworks */,
			);
			runOnlyForDeploymentPostprocessing = 0;
		};
/* End PBXFrameworksBuildPhase section */

/* Begin PBXGroup section */
		16EDF0922824D40C00B7CC1F = {
			isa = PBXGroup;
			children = (
				16EDF0AB2824D52600B7CC1F /* Application */,
				16EDF0AE2824D52D00B7CC1F /* Math */,
				16EDF0B82824D53600B7CC1F /* main.cpp */,
				16EDF09C2824D40C00B7CC1F /* Products */,
				16EDF0BA2824D59000B7CC1F /* Frameworks */,
			);
			sourceTree = "<group>";
		};
		16EDF09C2824D40C00B7CC1F /* Products */ = {
			isa = PBXGroup;
			children = (
				16EDF09B2824D40C00B7CC1F /* UnitTest_macOS_static */,
				16EDF2882825307700B7CC1F /* UnitTest_macOS_dynamic */,
			);
			name = Products;
			sourceTree = "<group>";
		};
		16EDF0AB2824D52600B7CC1F /* Application */ = {
			isa = PBXGroup;
			children = (
				16EDF0AC2824D52600B7CC1F /* Application.cpp */,
			);
			path = Application;
			sourceTree = "<group>";
		};
		16EDF0AE2824D52D00B7CC1F /* Math */ = {
			isa = PBXGroup;
			children = (
				16EDF0AF2824D52D00B7CC1F /* LinearTransform.cpp */,
				16EDF0B02824D52D00B7CC1F /* Include.h */,
				16EDF0B12824D52D00B7CC1F /* Vector.cpp */,
				16EDF0B22824D52D00B7CC1F /* AffineTransform.cpp */,
				16EDF0B32824D52D00B7CC1F /* Matrix.cpp */,
			);
			path = Math;
			sourceTree = "<group>";
		};
		16EDF0BA2824D59000B7CC1F /* Frameworks */ = {
			isa = PBXGroup;
			children = (
				16EDF14628251CFA00B7CC1F /* AppKit.framework */,
				16EDF2762825301800B7CC1F /* JFL_macOS_dynamic.framework */,
				16EDF0BB2824D59000B7CC1F /* libJFL_macOS_static.a */,
				16EDF2742825301300B7CC1F /* libgoogletest_macOS_static.a */,
			);
			name = Frameworks;
			sourceTree = "<group>";
		};
/* End PBXGroup section */

/* Begin PBXNativeTarget section */
		16EDF09A2824D40C00B7CC1F /* UnitTest_macOS_static */ = {
			isa = PBXNativeTarget;
			buildConfigurationList = 16EDF0A22824D40C00B7CC1F /* Build configuration list for PBXNativeTarget "UnitTest_macOS_static" */;
			buildPhases = (
				16EDF0972824D40C00B7CC1F /* Sources */,
				16EDF0982824D40C00B7CC1F /* Frameworks */,
				16EDF0992824D40C00B7CC1F /* CopyFiles */,
			);
			buildRules = (
			);
			dependencies = (
			);
			name = UnitTest_macOS_static;
			productName = UnitTest;
			productReference = 16EDF09B2824D40C00B7CC1F /* UnitTest_macOS_static */;
			productType = "com.apple.product-type.tool";
		};
		16EDF2782825307700B7CC1F /* UnitTest_macOS_dynamic */ = {
			isa = PBXNativeTarget;
			buildConfigurationList = 16EDF2852825307700B7CC1F /* Build configuration list for PBXNativeTarget "UnitTest_macOS_dynamic" */;
			buildPhases = (
				16EDF2792825307700B7CC1F /* Sources */,
				16EDF2802825307700B7CC1F /* Frameworks */,
				16EDF2842825307700B7CC1F /* CopyFiles */,
			);
			buildRules = (
			);
			dependencies = (
			);
			name = UnitTest_macOS_dynamic;
			productName = UnitTest;
			productReference = 16EDF2882825307700B7CC1F /* UnitTest_macOS_dynamic */;
			productType = "com.apple.product-type.tool";
		};
/* End PBXNativeTarget section */

/* Begin PBXProject section */
		16EDF0932824D40C00B7CC1F /* Project object */ = {
			isa = PBXProject;
			attributes = {
				BuildIndependentTargetsInParallel = 1;
				LastUpgradeCheck = 1310;
				TargetAttributes = {
					16EDF09A2824D40C00B7CC1F = {
						CreatedOnToolsVersion = 13.1;
					};
				};
			};
			buildConfigurationList = 16EDF0962824D40C00B7CC1F /* Build configuration list for PBXProject "UnitTest" */;
			compatibilityVersion = "Xcode 13.0";
			developmentRegion = en;
			hasScannedForEncodings = 0;
			knownRegions = (
				en,
				Base,
			);
			mainGroup = 16EDF0922824D40C00B7CC1F;
			productRefGroup = 16EDF09C2824D40C00B7CC1F /* Products */;
			projectDirPath = "";
			projectRoot = "";
			targets = (
				16EDF09A2824D40C00B7CC1F /* UnitTest_macOS_static */,
				16EDF2782825307700B7CC1F /* UnitTest_macOS_dynamic */,
			);
		};
/* End PBXProject section */

/* Begin PBXSourcesBuildPhase section */
		16EDF0972824D40C00B7CC1F /* Sources */ = {
			isa = PBXSourcesBuildPhase;
			buildActionMask = 2147483647;
			files = (
				16EDF0AD2824D52600B7CC1F /* Application.cpp in Sources */,
				16EDF0B62824D52D00B7CC1F /* AffineTransform.cpp in Sources */,
				16EDF0B92824D53600B7CC1F /* main.cpp in Sources */,
				16EDF0B42824D52D00B7CC1F /* LinearTransform.cpp in Sources */,
				16EDF0B52824D52D00B7CC1F /* Vector.cpp in Sources */,
				16EDF0B72824D52D00B7CC1F /* Matrix.cpp in Sources */,
			);
			runOnlyForDeploymentPostprocessing = 0;
		};
		16EDF2792825307700B7CC1F /* Sources */ = {
			isa = PBXSourcesBuildPhase;
			buildActionMask = 2147483647;
			files = (
				16EDF27A2825307700B7CC1F /* Application.cpp in Sources */,
				16EDF27B2825307700B7CC1F /* AffineTransform.cpp in Sources */,
				16EDF27C2825307700B7CC1F /* main.cpp in Sources */,
				16EDF27D2825307700B7CC1F /* LinearTransform.cpp in Sources */,
				16EDF27E2825307700B7CC1F /* Vector.cpp in Sources */,
				16EDF27F2825307700B7CC1F /* Matrix.cpp in Sources */,
			);
			runOnlyForDeploymentPostprocessing = 0;
		};
/* End PBXSourcesBuildPhase section */

/* Begin XCBuildConfiguration section */
		16EDF0A02824D40C00B7CC1F /* Debug */ = {
			isa = XCBuildConfiguration;
			buildSettings = {
				ALWAYS_SEARCH_USER_PATHS = NO;
				CLANG_ANALYZER_NONNULL = YES;
				CLANG_ANALYZER_NUMBER_OBJECT_CONVERSION = YES_AGGRESSIVE;
				CLANG_CXX_LANGUAGE_STANDARD = "c++20";
				CLANG_CXX_LIBRARY = "libc++";
				CLANG_ENABLE_MODULES = YES;
				CLANG_ENABLE_OBJC_ARC = YES;
				CLANG_ENABLE_OBJC_WEAK = YES;
				CLANG_WARN_BLOCK_CAPTURE_AUTORELEASING = YES;
				CLANG_WARN_BOOL_CONVERSION = YES;
				CLANG_WARN_COMMA = YES;
				CLANG_WARN_CONSTANT_CONVERSION = YES;
				CLANG_WARN_DEPRECATED_OBJC_IMPLEMENTATIONS = YES;
				CLANG_WARN_DIRECT_OBJC_ISA_USAGE = YES_ERROR;
				CLANG_WARN_DOCUMENTATION_COMMENTS = YES;
				CLANG_WARN_EMPTY_BODY = YES;
				CLANG_WARN_ENUM_CONVERSION = YES;
				CLANG_WARN_INFINITE_RECURSION = YES;
				CLANG_WARN_INT_CONVERSION = YES;
				CLANG_WARN_NON_LITERAL_NULL_CONVERSION = YES;
				CLANG_WARN_OBJC_IMPLICIT_RETAIN_SELF = YES;
				CLANG_WARN_OBJC_LITERAL_CONVERSION = YES;
				CLANG_WARN_OBJC_ROOT_CLASS = YES_ERROR;
				CLANG_WARN_QUOTED_INCLUDE_IN_FRAMEWORK_HEADER = YES;
				CLANG_WARN_RANGE_LOOP_ANALYSIS = YES;
				CLANG_WARN_STRICT_PROTOTYPES = YES;
				CLANG_WARN_SUSPICIOUS_MOVE = YES;
				CLANG_WARN_UNGUARDED_AVAILABILITY = YES_AGGRESSIVE;
				CLANG_WARN_UNREACHABLE_CODE = YES;
				CLANG_WARN__DUPLICATE_METHOD_MATCH = YES;
				COPY_PHASE_STRIP = NO;
				DEBUG_INFORMATION_FORMAT = dwarf;
				ENABLE_STRICT_OBJC_MSGSEND = YES;
				ENABLE_TESTABILITY = YES;
				GCC_C_LANGUAGE_STANDARD = c11;
				GCC_DYNAMIC_NO_PIC = NO;
				GCC_INPUT_FILETYPE = sourcecode.cpp.objcpp;
				GCC_NO_COMMON_BLOCKS = YES;
				GCC_OPTIMIZATION_LEVEL = 0;
				GCC_PREPROCESSOR_DEFINITIONS = (
					"DEBUG=1",
					"$(inherited)",
				);
				GCC_WARN_64_TO_32_BIT_CONVERSION = YES;
				GCC_WARN_ABOUT_RETURN_TYPE = YES_ERROR;
				GCC_WARN_UNDECLARED_SELECTOR = YES;
				GCC_WARN_UNINITIALIZED_AUTOS = YES_AGGRESSIVE;
				GCC_WARN_UNUSED_FUNCTION = YES;
				GCC_WARN_UNUSED_VARIABLE = YES;
				HEADER_SEARCH_PATHS = (
					../JFL,
					../ThirdParty/googletest/googletest/include,
				);
				MACOSX_DEPLOYMENT_TARGET = 12.0;
				MTL_ENABLE_DEBUG_INFO = INCLUDE_SOURCE;
				MTL_FAST_MATH = YES;
				ONLY_ACTIVE_ARCH = YES;
				SDKROOT = macosx;
			};
			name = Debug;
		};
		16EDF0A12824D40C00B7CC1F /* Release */ = {
			isa = XCBuildConfiguration;
			buildSettings = {
				ALWAYS_SEARCH_USER_PATHS = NO;
				CLANG_ANALYZER_NONNULL = YES;
				CLANG_ANALYZER_NUMBER_OBJECT_CONVERSION = YES_AGGRESSIVE;
				CLANG_CXX_LANGUAGE_STANDARD = "c++20";
				CLANG_CXX_LIBRARY = "libc++";
				CLANG_ENABLE_MODULES = YES;
				CLANG_ENABLE_OBJC_ARC = YES;
				CLANG_ENABLE_OBJC_WEAK = YES;
				CLANG_WARN_BLOCK_CAPTURE_AUTORELEASING = YES;
				CLANG_WARN_BOOL_CONVERSION = YES;
				CLANG_WARN_COMMA = YES;
				CLANG_WARN_CONSTANT_CONVERSION = YES;
				CLANG_WARN_DEPRECATED_OBJC_IMPLEMENTATIONS = YES;
				CLANG_WARN_DIRECT_OBJC_ISA_USAGE = YES_ERROR;
				CLANG_WARN_DOCUMENTATION_COMMENTS = YES;
				CLANG_WARN_EMPTY_BODY = YES;
				CLANG_WARN_ENUM_CONVERSION = YES;
				CLANG_WARN_INFINITE_RECURSION = YES;
				CLANG_WARN_INT_CONVERSION = YES;
				CLANG_WARN_NON_LITERAL_NULL_CONVERSION = YES;
				CLANG_WARN_OBJC_IMPLICIT_RETAIN_SELF = YES;
				CLANG_WARN_OBJC_LITERAL_CONVERSION = YES;
				CLANG_WARN_OBJC_ROOT_CLASS = YES_ERROR;
				CLANG_WARN_QUOTED_INCLUDE_IN_FRAMEWORK_HEADER = YES;
				CLANG_WARN_RANGE_LOOP_ANALYSIS = YES;
				CLANG_WARN_STRICT_PROTOTYPES = YES;
				CLANG_WARN_SUSPICIOUS_MOVE = YES;
				CLANG_WARN_UNGUARDED_AVAILABILITY = YES_AGGRESSIVE;
				CLANG_WARN_UNREACHABLE_CODE = YES;
				CLANG_WARN__DUPLICATE_METHOD_MATCH = YES;
				COPY_PHASE_STRIP = NO;
				DEBUG_INFORMATION_FORMAT = "dwarf-with-dsym";
				ENABLE_NS_ASSERTIONS = NO;
				ENABLE_STRICT_OBJC_MSGSEND = YES;
				GCC_C_LANGUAGE_STANDARD = c11;
				GCC_INPUT_FILETYPE = sourcecode.cpp.objcpp;
				GCC_NO_COMMON_BLOCKS = YES;
				GCC_WARN_64_TO_32_BIT_CONVERSION = YES;
				GCC_WARN_ABOUT_RETURN_TYPE = YES_ERROR;
				GCC_WARN_UNDECLARED_SELECTOR = YES;
				GCC_WARN_UNINITIALIZED_AUTOS = YES_AGGRESSIVE;
				GCC_WARN_UNUSED_FUNCTION = YES;
				GCC_WARN_UNUSED_VARIABLE = YES;
				HEADER_SEARCH_PATHS = (
					../JFL,
					../ThirdParty/googletest/googletest/include,
				);
				MACOSX_DEPLOYMENT_TARGET = 12.0;
				MTL_ENABLE_DEBUG_INFO = NO;
				MTL_FAST_MATH = YES;
				SDKROOT = macosx;
			};
			name = Release;
		};
		16EDF0A32824D40C00B7CC1F /* Debug */ = {
			isa = XCBuildConfiguration;
			buildSettings = {
				CLANG_CXX_LANGUAGE_STANDARD = "c++20";
				CODE_SIGN_STYLE = Automatic;
				GCC_C_LANGUAGE_STANDARD = c11;
				GCC_INPUT_FILETYPE = sourcecode.cpp.objcpp;
				HEADER_SEARCH_PATHS = (
					../JFL,
					../ThirdParty/googletest/googletest/include,
				);
				PRODUCT_NAME = "$(TARGET_NAME)";
			};
			name = Debug;
		};
		16EDF0A42824D40C00B7CC1F /* Release */ = {
			isa = XCBuildConfiguration;
			buildSettings = {
				CLANG_CXX_LANGUAGE_STANDARD = "c++20";
				CODE_SIGN_STYLE = Automatic;
				GCC_C_LANGUAGE_STANDARD = c11;
				GCC_INPUT_FILETYPE = sourcecode.cpp.objcpp;
				HEADER_SEARCH_PATHS = (
					../JFL,
					../ThirdParty/googletest/googletest/include,
				);
				PRODUCT_NAME = "$(TARGET_NAME)";
			};
			name = Release;
		};
		16EDF2862825307700B7CC1F /* Debug */ = {
			isa = XCBuildConfiguration;
			buildSettings = {
				CLANG_CXX_LANGUAGE_STANDARD = "c++20";
				CODE_SIGN_STYLE = Automatic;
				GCC_C_LANGUAGE_STANDARD = c11;
				GCC_INPUT_FILETYPE = sourcecode.cpp.objcpp;
				HEADER_SEARCH_PATHS = (
					../JFL,
					../ThirdParty/googletest/googletest/include,
				);
				PRODUCT_NAME = "$(TARGET_NAME)";
			};
			name = Debug;
		};
		16EDF2872825307700B7CC1F /* Release */ = {
			isa = XCBuildConfiguration;
			buildSettings = {
				CLANG_CXX_LANGUAGE_STANDARD = "c++20";
				CODE_SIGN_STYLE = Automatic;
				GCC_C_LANGUAGE_STANDARD = c11;
				GCC_INPUT_FILETYPE = sourcecode.cpp.objcpp;
				HEADER_SEARCH_PATHS = (
					../JFL,
					../ThirdParty/googletest/googletest/include,
				);
				PRODUCT_NAME = "$(TARGET_NAME)";
			};
			name = Release;
		};
/* End XCBuildConfiguration section */

/* Begin XCConfigurationList section */
		16EDF0962824D40C00B7CC1F /* Build configuration list for PBXProject "UnitTest" */ = {
			isa = XCConfigurationList;
			buildConfigurations = (
				16EDF0A02824D40C00B7CC1F /* Debug */,
				16EDF0A12824D40C00B7CC1F /* Release */,
			);
			defaultConfigurationIsVisible = 0;
			defaultConfigurationName = Release;
		};
		16EDF0A22824D40C00B7CC1F /* Build configuration list for PBXNativeTarget "UnitTest_macOS_static" */ = {
			isa = XCConfigurationList;
			buildConfigurations = (
				16EDF0A32824D40C00B7CC1F /* Debug */,
				16EDF0A42824D40C00B7CC1F /* Release */,
			);
			defaultConfigurationIsVisible = 0;
			defaultConfigurationName = Release;
		};
		16EDF2852825307700B7CC1F /* Build configuration list for PBXNativeTarget "UnitTest_macOS_dynamic" */ = {
			isa = XCConfigurationList;
			buildConfigurations = (
				16EDF2862825307700B7CC1F /* Debug */,
				16EDF2872825307700B7CC1F /* Release */,
			);
			defaultConfigurationIsVisible = 0;
			defaultConfigurationName = Release;
		};
/* End XCConfigurationList section */
	};
	rootObject = 16EDF0932824D40C00B7CC1F /* Project object */;
}
